
Microsoft Visual Studio Solution File, Format Version 12.00
# Visual Studio Version 17
VisualStudioVersion = 17.4.33122.133
MinimumVisualStudioVersion = 10.0.40219.1
Project("{2150E333-8FDC-42A3-9474-1A3956D46DE8}") = "Admin", "Admin", "{6F042E1D-2B93-4051-B113-209FB0197786}"
EndProject
Project("{2150E333-8FDC-42A3-9474-1A3956D46DE8}") = "Web", "Web", "{3391CA65-0678-4A81-831F-9166B66EFAF2}"
EndProject
Project("{2150E333-8FDC-42A3-9474-1A3956D46DE8}") = "Payment", "Payment", "{D30BF4D5-B0BB-4763-A3F5-73E58910FFE2}"
EndProject
Project("{9A19103F-16F7-4668-BE54-9A1E7A4F7556}") = "Admin.API", "Admin\Admin.API\Admin.API.csproj", "{2FE14D84-310D-49BF-B748-80188AB485D8}"
EndProject
Project("{9A19103F-16F7-4668-BE54-9A1E7A4F7556}") = "Admin.Domain", "Admin\Admin.Domain\Admin.Domain.csproj", "{2F268AC7-C252-4BFB-A877-C56EAEC7B9F8}"
EndProject
Project("{9A19103F-16F7-4668-BE54-9A1E7A4F7556}") = "Admin.Infrastructure", "Admin\Admin.Infrastructure\Admin.Infrastructure.csproj", "{1F0F5235-19CB-4479-A2B9-0AF7A0283611}"
EndProject
Project("{9A19103F-16F7-4668-BE54-9A1E7A4F7556}") = "Admin.Application", "Admin\Admin.Application\Admin.Application.csproj", "{6A8F3426-E42A-4ED9-A7EE-A8C7886223E7}"
EndProject
Project("{9A19103F-16F7-4668-BE54-9A1E7A4F7556}") = "Payment.Application", "Payment\Payment.Application\Payment.Application.csproj", "{3BA40A3D-F66C-4755-8695-83CFFCEA6011}"
EndProject
Project("{9A19103F-16F7-4668-BE54-9A1E7A4F7556}") = "Payment.Domain", "Payment\Payment.Domain\Payment.Domain.csproj", "{8696E0BF-6EE6-447C-9200-93A20C9952D3}"
EndProject
Project("{9A19103F-16F7-4668-BE54-9A1E7A4F7556}") = "Payment.Infrastructure", "Payment\Payment.Infrastructure\Payment.Infrastructure.csproj", "{79A3A7AB-1076-43AD-B476-C8B7626C9A1B}"
EndProject
Project("{9A19103F-16F7-4668-BE54-9A1E7A4F7556}") = "Web.Infrastructure", "Web\Web.Infrastructure\Web.Infrastructure.csproj", "{B720E48F-A3AD-4782-B823-4A7A3554EC55}"
EndProject
Project("{9A19103F-16F7-4668-BE54-9A1E7A4F7556}") = "Web.Domain", "Web\Web.Domain\Web.Domain.csproj", "{DBD1938D-076C-46D2-A671-320683CF7562}"
EndProject
Project("{9A19103F-16F7-4668-BE54-9A1E7A4F7556}") = "Web.Application", "Web\Web.Application\Web.Application.csproj", "{A1E7B375-D901-4C78-B2A5-608DCA558BB0}"
EndProject
Project("{9A19103F-16F7-4668-BE54-9A1E7A4F7556}") = "Payment.API", "Payment\Payment.API\Payment.API.csproj", "{EF7BC4B9-475C-436D-858C-5C585E86ED55}"
EndProject
Project("{9A19103F-16F7-4668-BE54-9A1E7A4F7556}") = "Web.API", "Web\Web.API\Web.API.csproj", "{F446794C-55C2-43D1-808F-68F2976E8318}"
EndProject
Project("{2150E333-8FDC-42A3-9474-1A3956D46DE8}") = "ApiGateway", "ApiGateway", "{769286DA-8139-43B2-A24E-D409A8D04611}"
EndProject
Project("{FAE04EC0-301F-11D3-BF4B-00C04F79EFBC}") = "OcelotApiGateway", "OcelotApiGateway\OcelotApiGateway.csproj", "{FDE3E0DD-E3BD-4B86-98C9-6D6D8BB62A69}"
EndProject
Global
	GlobalSection(SolutionConfigurationPlatforms) = preSolution
		Debug|Any CPU = Debug|Any CPU
		Release|Any CPU = Release|Any CPU
	EndGlobalSection
	GlobalSection(ProjectConfigurationPlatforms) = postSolution
		{2FE14D84-310D-49BF-B748-80188AB485D8}.Debug|Any CPU.ActiveCfg = Debug|Any CPU
		{2FE14D84-310D-49BF-B748-80188AB485D8}.Debug|Any CPU.Build.0 = Debug|Any CPU
		{2FE14D84-310D-49BF-B748-80188AB485D8}.Release|Any CPU.ActiveCfg = Release|Any CPU
		{2FE14D84-310D-49BF-B748-80188AB485D8}.Release|Any CPU.Build.0 = Release|Any CPU
		{2F268AC7-C252-4BFB-A877-C56EAEC7B9F8}.Debug|Any CPU.ActiveCfg = Debug|Any CPU
		{2F268AC7-C252-4BFB-A877-C56EAEC7B9F8}.Debug|Any CPU.Build.0 = Debug|Any CPU
		{2F268AC7-C252-4BFB-A877-C56EAEC7B9F8}.Release|Any CPU.ActiveCfg = Release|Any CPU
		{2F268AC7-C252-4BFB-A877-C56EAEC7B9F8}.Release|Any CPU.Build.0 = Release|Any CPU
		{1F0F5235-19CB-4479-A2B9-0AF7A0283611}.Debug|Any CPU.ActiveCfg = Debug|Any CPU
		{1F0F5235-19CB-4479-A2B9-0AF7A0283611}.Debug|Any CPU.Build.0 = Debug|Any CPU
		{1F0F5235-19CB-4479-A2B9-0AF7A0283611}.Release|Any CPU.ActiveCfg = Release|Any CPU
		{1F0F5235-19CB-4479-A2B9-0AF7A0283611}.Release|Any CPU.Build.0 = Release|Any CPU
		{6A8F3426-E42A-4ED9-A7EE-A8C7886223E7}.Debug|Any CPU.ActiveCfg = Debug|Any CPU
		{6A8F3426-E42A-4ED9-A7EE-A8C7886223E7}.Debug|Any CPU.Build.0 = Debug|Any CPU
		{6A8F3426-E42A-4ED9-A7EE-A8C7886223E7}.Release|Any CPU.ActiveCfg = Release|Any CPU
		{6A8F3426-E42A-4ED9-A7EE-A8C7886223E7}.Release|Any CPU.Build.0 = Release|Any CPU
		{3BA40A3D-F66C-4755-8695-83CFFCEA6011}.Debug|Any CPU.ActiveCfg = Debug|Any CPU
		{3BA40A3D-F66C-4755-8695-83CFFCEA6011}.Debug|Any CPU.Build.0 = Debug|Any CPU
		{3BA40A3D-F66C-4755-8695-83CFFCEA6011}.Release|Any CPU.ActiveCfg = Release|Any CPU
		{3BA40A3D-F66C-4755-8695-83CFFCEA6011}.Release|Any CPU.Build.0 = Release|Any CPU
		{8696E0BF-6EE6-447C-9200-93A20C9952D3}.Debug|Any CPU.ActiveCfg = Debug|Any CPU
		{8696E0BF-6EE6-447C-9200-93A20C9952D3}.Debug|Any CPU.Build.0 = Debug|Any CPU
		{8696E0BF-6EE6-447C-9200-93A20C9952D3}.Release|Any CPU.ActiveCfg = Release|Any CPU
		{8696E0BF-6EE6-447C-9200-93A20C9952D3}.Release|Any CPU.Build.0 = Release|Any CPU
		{79A3A7AB-1076-43AD-B476-C8B7626C9A1B}.Debug|Any CPU.ActiveCfg = Debug|Any CPU
		{79A3A7AB-1076-43AD-B476-C8B7626C9A1B}.Debug|Any CPU.Build.0 = Debug|Any CPU
		{79A3A7AB-1076-43AD-B476-C8B7626C9A1B}.Release|Any CPU.ActiveCfg = Release|Any CPU
		{79A3A7AB-1076-43AD-B476-C8B7626C9A1B}.Release|Any CPU.Build.0 = Release|Any CPU
		{B720E48F-A3AD-4782-B823-4A7A3554EC55}.Debug|Any CPU.ActiveCfg = Debug|Any CPU
		{B720E48F-A3AD-4782-B823-4A7A3554EC55}.Debug|Any CPU.Build.0 = Debug|Any CPU
		{B720E48F-A3AD-4782-B823-4A7A3554EC55}.Release|Any CPU.ActiveCfg = Release|Any CPU
		{B720E48F-A3AD-4782-B823-4A7A3554EC55}.Release|Any CPU.Build.0 = Release|Any CPU
		{DBD1938D-076C-46D2-A671-320683CF7562}.Debug|Any CPU.ActiveCfg = Debug|Any CPU
		{DBD1938D-076C-46D2-A671-320683CF7562}.Debug|Any CPU.Build.0 = Debug|Any CPU
		{DBD1938D-076C-46D2-A671-320683CF7562}.Release|Any CPU.ActiveCfg = Release|Any CPU
		{DBD1938D-076C-46D2-A671-320683CF7562}.Release|Any CPU.Build.0 = Release|Any CPU
		{A1E7B375-D901-4C78-B2A5-608DCA558BB0}.Debug|Any CPU.ActiveCfg = Debug|Any CPU
		{A1E7B375-D901-4C78-B2A5-608DCA558BB0}.Debug|Any CPU.Build.0 = Debug|Any CPU
		{A1E7B375-D901-4C78-B2A5-608DCA558BB0}.Release|Any CPU.ActiveCfg = Release|Any CPU
		{A1E7B375-D901-4C78-B2A5-608DCA558BB0}.Release|Any CPU.Build.0 = Release|Any CPU
		{EF7BC4B9-475C-436D-858C-5C585E86ED55}.Debug|Any CPU.ActiveCfg = Debug|Any CPU
		{EF7BC4B9-475C-436D-858C-5C585E86ED55}.Debug|Any CPU.Build.0 = Debug|Any CPU
		{EF7BC4B9-475C-436D-858C-5C585E86ED55}.Release|Any CPU.ActiveCfg = Release|Any CPU
		{EF7BC4B9-475C-436D-858C-5C585E86ED55}.Release|Any CPU.Build.0 = Release|Any CPU
		{F446794C-55C2-43D1-808F-68F2976E8318}.Debug|Any CPU.ActiveCfg = Debug|Any CPU
		{F446794C-55C2-43D1-808F-68F2976E8318}.Debug|Any CPU.Build.0 = Debug|Any CPU
		{F446794C-55C2-43D1-808F-68F2976E8318}.Release|Any CPU.ActiveCfg = Release|Any CPU
		{F446794C-55C2-43D1-808F-68F2976E8318}.Release|Any CPU.Build.0 = Release|Any CPU
		{FDE3E0DD-E3BD-4B86-98C9-6D6D8BB62A69}.Debug|Any CPU.ActiveCfg = Debug|Any CPU
		{FDE3E0DD-E3BD-4B86-98C9-6D6D8BB62A69}.Debug|Any CPU.Build.0 = Debug|Any CPU
		{FDE3E0DD-E3BD-4B86-98C9-6D6D8BB62A69}.Release|Any CPU.ActiveCfg = Release|Any CPU
		{FDE3E0DD-E3BD-4B86-98C9-6D6D8BB62A69}.Release|Any CPU.Build.0 = Release|Any CPU
	EndGlobalSection
	GlobalSection(SolutionProperties) = preSolution
		HideSolutionNode = FALSE
	EndGlobalSection
	GlobalSection(NestedProjects) = preSolution
		{2FE14D84-310D-49BF-B748-80188AB485D8} = {6F042E1D-2B93-4051-B113-209FB0197786}
		{2F268AC7-C252-4BFB-A877-C56EAEC7B9F8} = {6F042E1D-2B93-4051-B113-209FB0197786}
		{1F0F5235-19CB-4479-A2B9-0AF7A0283611} = {6F042E1D-2B93-4051-B113-209FB0197786}
		{6A8F3426-E42A-4ED9-A7EE-A8C7886223E7} = {6F042E1D-2B93-4051-B113-209FB0197786}
		{3BA40A3D-F66C-4755-8695-83CFFCEA6011} = {D30BF4D5-B0BB-4763-A3F5-73E58910FFE2}
		{8696E0BF-6EE6-447C-9200-93A20C9952D3} = {D30BF4D5-B0BB-4763-A3F5-73E58910FFE2}
		{79A3A7AB-1076-43AD-B476-C8B7626C9A1B} = {D30BF4D5-B0BB-4763-A3F5-73E58910FFE2}
		{B720E48F-A3AD-4782-B823-4A7A3554EC55} = {3391CA65-0678-4A81-831F-9166B66EFAF2}
		{DBD1938D-076C-46D2-A671-320683CF7562} = {3391CA65-0678-4A81-831F-9166B66EFAF2}
		{A1E7B375-D901-4C78-B2A5-608DCA558BB0} = {3391CA65-0678-4A81-831F-9166B66EFAF2}
		{EF7BC4B9-475C-436D-858C-5C585E86ED55} = {D30BF4D5-B0BB-4763-A3F5-73E58910FFE2}
		{F446794C-55C2-43D1-808F-68F2976E8318} = {3391CA65-0678-4A81-831F-9166B66EFAF2}
		{FDE3E0DD-E3BD-4B86-98C9-6D6D8BB62A69} = {769286DA-8139-43B2-A24E-D409A8D04611}
	EndGlobalSection
	GlobalSection(ExtensibilityGlobals) = postSolution
		SolutionGuid = {8F20A5D5-4881-4ADB-AAD6-2E0FA488D815}
	EndGlobalSection
EndGlobal
